{
  "requires": true,
  "lockfileVersion": 1,
  "dependencies": {
    "mdbootstrap": {
      "version": "4.5.7",
      "resolved": "https://registry.npmjs.org/mdbootstrap/-/mdbootstrap-4.5.7.tgz",
      "integrity": "sha512-VYQX2x/y5f0b2pu99b5pUHx8NTzPyHpZBmRGiFvYoCGgZaYekh7Ee7zFEs2WfFWF7ks7cF0QVc6RRdtsT38NXg=="
    }
  }
}
